
Microsoft Visual Studio Solution File, Format Version 12.00
# Visual Studio Version 16
VisualStudioVersion = 16.0.29424.173
MinimumVisualStudioVersion = 10.0.40219.1
Project("{FAE04EC0-301F-11D3-BF4B-00C04F79EFBC}") = "Task2", "Task2\Task2.csproj", "{EC7F2C83-399C-4D81-B1AC-F7EEF6ECF5CC}"
EndProject
Project("{FAE04EC0-301F-11D3-BF4B-00C04F79EFBC}") = "Task3", "Task3\Task3.csproj", "{357928C2-9AFC-4A44-817A-B4E9F8686ED2}"
EndProject
Project("{FAE04EC0-301F-11D3-BF4B-00C04F79EFBC}") = "Task4", "Task4\Task4.csproj", "{CFA64A56-6BB9-4225-8C1E-BEDE4E0103E3}"
EndProject
Global
	GlobalSection(SolutionConfigurationPlatforms) = preSolution
		Debug|Any CPU = Debug|Any CPU
		Release|Any CPU = Release|Any CPU
	EndGlobalSection
	GlobalSection(ProjectConfigurationPlatforms) = postSolution
		{EC7F2C83-399C-4D81-B1AC-F7EEF6ECF5CC}.Debug|Any CPU.ActiveCfg = Debug|Any CPU
		{EC7F2C83-399C-4D81-B1AC-F7EEF6ECF5CC}.Debug|Any CPU.Build.0 = Debug|Any CPU
		{EC7F2C83-399C-4D81-B1AC-F7EEF6ECF5CC}.Release|Any CPU.ActiveCfg = Release|Any CPU
		{EC7F2C83-399C-4D81-B1AC-F7EEF6ECF5CC}.Release|Any CPU.Build.0 = Release|Any CPU
		{357928C2-9AFC-4A44-817A-B4E9F8686ED2}.Debug|Any CPU.ActiveCfg = Debug|Any CPU
		{357928C2-9AFC-4A44-817A-B4E9F8686ED2}.Debug|Any CPU.Build.0 = Debug|Any CPU
		{357928C2-9AFC-4A44-817A-B4E9F8686ED2}.Release|Any CPU.ActiveCfg = Release|Any CPU
		{357928C2-9AFC-4A44-817A-B4E9F8686ED2}.Release|Any CPU.Build.0 = Release|Any CPU
		{CFA64A56-6BB9-4225-8C1E-BEDE4E0103E3}.Debug|Any CPU.ActiveCfg = Debug|Any CPU
		{CFA64A56-6BB9-4225-8C1E-BEDE4E0103E3}.Debug|Any CPU.Build.0 = Debug|Any CPU
		{CFA64A56-6BB9-4225-8C1E-BEDE4E0103E3}.Release|Any CPU.ActiveCfg = Release|Any CPU
		{CFA64A56-6BB9-4225-8C1E-BEDE4E0103E3}.Release|Any CPU.Build.0 = Release|Any CPU
	EndGlobalSection
	GlobalSection(SolutionProperties) = preSolution
		HideSolutionNode = FALSE
	EndGlobalSection
	GlobalSection(ExtensibilityGlobals) = postSolution
		SolutionGuid = {5C8BA8EE-5715-4E30-A513-5821C386C8CD}
	EndGlobalSection
EndGlobal
